
Microsoft Visual Studio Solution File, Format Version 12.00
Project("{FAE04EC0-301F-11D3-BF4B-00C04F79EFBC}") = "BuildDependencyExecutable", "BuildDependencyExecutable\BuildDependencyExecutable.csproj", "{3344EF3A-2747-6D50-B6C8-D8E8DF5C37EC}"
EndProject
Project("{FAE04EC0-301F-11D3-BF4B-00C04F79EFBC}") = "BuildDependencyLibrary", "BuildDependencyLibrary\BuildDependencyLibrary.csproj", "{B8D3B5F9-D369-93E1-821B-4F8AC1842908}"
EndProject
Project("{FAE04EC0-301F-11D3-BF4B-00C04F79EFBC}") = "SlnxSampleApp", "SlnxSampleApp\SlnxSampleApp.csproj", "{BB797830-91AB-591F-3689-0387FBBCF0BF}"
	ProjectSection(ProjectDependencies) = postProject
		{3344EF3A-2747-6D50-B6C8-D8E8DF5C37EC} = {3344EF3A-2747-6D50-B6C8-D8E8DF5C37EC}
		{B8D3B5F9-D369-93E1-821B-4F8AC1842908} = {B8D3B5F9-D369-93E1-821B-4F8AC1842908}
	EndProjectSection
EndProject
Global
	GlobalSection(SolutionConfigurationPlatforms) = preSolution
		Debug|Any CPU = Debug|Any CPU
		Release|Any CPU = Release|Any CPU
	EndGlobalSection
	GlobalSection(ProjectConfigurationPlatforms) = postSolution
		{3344EF3A-2747-6D50-B6C8-D8E8DF5C37EC}.Debug|Any CPU.ActiveCfg = Debug|Any CPU
		{3344EF3A-2747-6D50-B6C8-D8E8DF5C37EC}.Debug|Any CPU.Build.0 = Debug|Any CPU
		{3344EF3A-2747-6D50-B6C8-D8E8DF5C37EC}.Release|Any CPU.ActiveCfg = Release|Any CPU
		{3344EF3A-2747-6D50-B6C8-D8E8DF5C37EC}.Release|Any CPU.Build.0 = Release|Any CPU
		{B8D3B5F9-D369-93E1-821B-4F8AC1842908}.Debug|Any CPU.ActiveCfg = Debug|Any CPU
		{B8D3B5F9-D369-93E1-821B-4F8AC1842908}.Debug|Any CPU.Build.0 = Debug|Any CPU
		{B8D3B5F9-D369-93E1-821B-4F8AC1842908}.Release|Any CPU.ActiveCfg = Release|Any CPU
		{B8D3B5F9-D369-93E1-821B-4F8AC1842908}.Release|Any CPU.Build.0 = Release|Any CPU
		{BB797830-91AB-591F-3689-0387FBBCF0BF}.Debug|Any CPU.ActiveCfg = Debug|Any CPU
		{BB797830-91AB-591F-3689-0387FBBCF0BF}.Debug|Any CPU.Build.0 = Debug|Any CPU
		{BB797830-91AB-591F-3689-0387FBBCF0BF}.Release|Any CPU.ActiveCfg = Release|Any CPU
		{BB797830-91AB-591F-3689-0387FBBCF0BF}.Release|Any CPU.Build.0 = Release|Any CPU
	EndGlobalSection
EndGlobal
